
Microsoft Visual Studio Solution File, Format Version 12.00
# Visual Studio 15
VisualStudioVersion = 15.0.28307.106
MinimumVisualStudioVersion = 10.0.40219.1
Project("{FAE04EC0-301F-11D3-BF4B-00C04F79EFBC}") = "SortedCheckoutKata", "SortedCheckoutKata\SortedCheckoutKata.csproj", "{EAE6BD18-6109-426A-8FEC-B0557363831C}"
EndProject
Global
	GlobalSection(SolutionConfigurationPlatforms) = preSolution
		Debug|Any CPU = Debug|Any CPU
		Release|Any CPU = Release|Any CPU
	EndGlobalSection
	GlobalSection(ProjectConfigurationPlatforms) = postSolution
		{EAE6BD18-6109-426A-8FEC-B0557363831C}.Debug|Any CPU.ActiveCfg = Debug|Any CPU
		{EAE6BD18-6109-426A-8FEC-B0557363831C}.Debug|Any CPU.Build.0 = Debug|Any CPU
		{EAE6BD18-6109-426A-8FEC-B0557363831C}.Release|Any CPU.ActiveCfg = Release|Any CPU
		{EAE6BD18-6109-426A-8FEC-B0557363831C}.Release|Any CPU.Build.0 = Release|Any CPU
	EndGlobalSection
	GlobalSection(SolutionProperties) = preSolution
		HideSolutionNode = FALSE
	EndGlobalSection
	GlobalSection(ExtensibilityGlobals) = postSolution
		SolutionGuid = {4F9230C6-2D41-4E8A-9238-3AFA0649123B}
	EndGlobalSection
EndGlobal
